
Microsoft Visual Studio Solution File, Format Version 12.00
# Visual Studio Version 17
VisualStudioVersion = 17.11.35312.102
MinimumVisualStudioVersion = 10.0.40219.1
Project("{FAE04EC0-301F-11D3-BF4B-00C04F79EFBC}") = "FinalWinter", "FinalWinter\FinalWinter.csproj", "{4DBFF628-A428-4EB2-9ECB-CFB2E980291F}"
EndProject
Global
	GlobalSection(SolutionConfigurationPlatforms) = preSolution
		Debug|Any CPU = Debug|Any CPU
		Release|Any CPU = Release|Any CPU
	EndGlobalSection
	GlobalSection(ProjectConfigurationPlatforms) = postSolution
		{4DBFF628-A428-4EB2-9ECB-CFB2E980291F}.Debug|Any CPU.ActiveCfg = Debug|Any CPU
		{4DBFF628-A428-4EB2-9ECB-CFB2E980291F}.Debug|Any CPU.Build.0 = Debug|Any CPU
		{4DBFF628-A428-4EB2-9ECB-CFB2E980291F}.Release|Any CPU.ActiveCfg = Release|Any CPU
		{4DBFF628-A428-4EB2-9ECB-CFB2E980291F}.Release|Any CPU.Build.0 = Release|Any CPU
	EndGlobalSection
	GlobalSection(SolutionProperties) = preSolution
		HideSolutionNode = FALSE
	EndGlobalSection
	GlobalSection(ExtensibilityGlobals) = postSolution
		SolutionGuid = {5F73BFB1-DEA6-43B7-8807-35FAE4ED8B5B}
	EndGlobalSection
EndGlobal
